
Microsoft Visual Studio Solution File, Format Version 12.00
# Visual Studio 14
VisualStudioVersion = 14.0.24720.0
MinimumVisualStudioVersion = 10.0.40219.1
Project("{FAE04EC0-301F-11D3-BF4B-00C04F79EFBC}") = "KaijiBot", "KaijiBot\KaijiBot.csproj", "{0B9DB705-EF5B-4634-B247-CFAA11343C2C}"
EndProject
Project("{9092AA53-FB77-4645-B42D-1CCCA6BD08BD}") = "KaijiStatistics", "KaijiStatistics\KaijiStatistics.njsproj", "{A1DFD3FD-E987-42A7-825B-641E9DCE6366}"
EndProject
Global
	GlobalSection(SolutionConfigurationPlatforms) = preSolution
		Debug|Any CPU = Debug|Any CPU
		Release|Any CPU = Release|Any CPU
	EndGlobalSection
	GlobalSection(ProjectConfigurationPlatforms) = postSolution
		{0B9DB705-EF5B-4634-B247-CFAA11343C2C}.Debug|Any CPU.ActiveCfg = Debug|Any CPU
		{0B9DB705-EF5B-4634-B247-CFAA11343C2C}.Debug|Any CPU.Build.0 = Debug|Any CPU
		{0B9DB705-EF5B-4634-B247-CFAA11343C2C}.Release|Any CPU.ActiveCfg = Release|Any CPU
		{0B9DB705-EF5B-4634-B247-CFAA11343C2C}.Release|Any CPU.Build.0 = Release|Any CPU
		{A1DFD3FD-E987-42A7-825B-641E9DCE6366}.Debug|Any CPU.ActiveCfg = Debug|Any CPU
		{A1DFD3FD-E987-42A7-825B-641E9DCE6366}.Debug|Any CPU.Build.0 = Debug|Any CPU
		{A1DFD3FD-E987-42A7-825B-641E9DCE6366}.Release|Any CPU.ActiveCfg = Release|Any CPU
		{A1DFD3FD-E987-42A7-825B-641E9DCE6366}.Release|Any CPU.Build.0 = Release|Any CPU
	EndGlobalSection
	GlobalSection(SolutionProperties) = preSolution
		HideSolutionNode = FALSE
	EndGlobalSection
EndGlobal
